
Microsoft Visual Studio Solution File, Format Version 11.00
# Visual Studio 2010
Project("{2857B73E-F847-4B02-9238-064979017E93}") = "Liczenie", "CalculusXD\Liczenie.cproj", "{F7823305-9671-4B0C-AFD1-D2324BACD97B}"
EndProject
Global
	GlobalSection(SolutionConfigurationPlatforms) = preSolution
		Debug|Any CPU = Debug|Any CPU
		Release|Any CPU = Release|Any CPU
	EndGlobalSection
	GlobalSection(ProjectConfigurationPlatforms) = postSolution
		{F7823305-9671-4B0C-AFD1-D2324BACD97B}.Debug|Any CPU.ActiveCfg = Debug|Any CPU
		{F7823305-9671-4B0C-AFD1-D2324BACD97B}.Debug|Any CPU.Build.0 = Debug|Any CPU
		{F7823305-9671-4B0C-AFD1-D2324BACD97B}.Release|Any CPU.ActiveCfg = Release|Any CPU
		{F7823305-9671-4B0C-AFD1-D2324BACD97B}.Release|Any CPU.Build.0 = Release|Any CPU
	EndGlobalSection
	GlobalSection(MonoDevelopProperties) = preSolution
		StartupItem = CalculusXD\Liczenie.cproj
	EndGlobalSection
EndGlobal
